// !$*UTF8*$!
{
	archiveVersion = 1;
	classes = {
	};
	objectVersion = 55;
	objects = {

/* Begin PBXBuildFile section */
		547ECCEF28AA6F5600B86407 /* AppDelegate.swift in Sources */ = {isa = PBXBuildFile; fileRef = 547ECCEE28AA6F5600B86407 /* AppDelegate.swift */; };
		547ECCF128AA6F5600B86407 /* SceneDelegate.swift in Sources */ = {isa = PBXBuildFile; fileRef = 547ECCF028AA6F5600B86407 /* SceneDelegate.swift */; };
		547ECCF628AA6F5600B86407 /* Main.storyboard in Resources */ = {isa = PBXBuildFile; fileRef = 547ECCF428AA6F5600B86407 /* Main.storyboard */; };
		547ECCF828AA6F5800B86407 /* Assets.xcassets in Resources */ = {isa = PBXBuildFile; fileRef = 547ECCF728AA6F5800B86407 /* Assets.xcassets */; };
		547ECCFB28AA6F5800B86407 /* LaunchScreen.storyboard in Resources */ = {isa = PBXBuildFile; fileRef = 547ECCF928AA6F5800B86407 /* LaunchScreen.storyboard */; };
		547ECD0328AA71A100B86407 /* ExchangeRateController.swift in Sources */ = {isa = PBXBuildFile; fileRef = 547ECD0228AA71A100B86407 /* ExchangeRateController.swift */; };
		547ECD0528AA71CC00B86407 /* ExchangeRate.swift in Sources */ = {isa = PBXBuildFile; fileRef = 547ECD0428AA71CC00B86407 /* ExchangeRate.swift */; };
		547ECD0B28AA7CCF00B86407 /* URLSessionHTTPClient.swift in Sources */ = {isa = PBXBuildFile; fileRef = 547ECD0A28AA7CCF00B86407 /* URLSessionHTTPClient.swift */; };
		547ECD0D28AA836600B86407 /* ExchangeRate.json in Resources */ = {isa = PBXBuildFile; fileRef = 547ECD0C28AA836600B86407 /* ExchangeRate.json */; };
		54F40A5728ABC8720000CC3A /* NetworkError.swift in Sources */ = {isa = PBXBuildFile; fileRef = 54F40A5628ABC8720000CC3A /* NetworkError.swift */; };
		54F40A5928ABCE510000CC3A /* UiViewController+Alert.swift in Sources */ = {isa = PBXBuildFile; fileRef = 54F40A5828ABCE510000CC3A /* UiViewController+Alert.swift */; };
/* End PBXBuildFile section */

/* Begin PBXFileReference section */
		547ECCEB28AA6F5600B86407 /* Le Baluchon.app */ = {isa = PBXFileReference; explicitFileType = wrapper.application; includeInIndex = 0; path = "Le Baluchon.app"; sourceTree = BUILT_PRODUCTS_DIR; };
		547ECCEE28AA6F5600B86407 /* AppDelegate.swift */ = {isa = PBXFileReference; lastKnownFileType = sourcecode.swift; path = AppDelegate.swift; sourceTree = "<group>"; };
		547ECCF028AA6F5600B86407 /* SceneDelegate.swift */ = {isa = PBXFileReference; lastKnownFileType = sourcecode.swift; path = SceneDelegate.swift; sourceTree = "<group>"; };
		547ECCF528AA6F5600B86407 /* Base */ = {isa = PBXFileReference; lastKnownFileType = file.storyboard; name = Base; path = Base.lproj/Main.storyboard; sourceTree = "<group>"; };
		547ECCF728AA6F5800B86407 /* Assets.xcassets */ = {isa = PBXFileReference; lastKnownFileType = folder.assetcatalog; path = Assets.xcassets; sourceTree = "<group>"; };
		547ECCFA28AA6F5800B86407 /* Base */ = {isa = PBXFileReference; lastKnownFileType = file.storyboard; name = Base; path = Base.lproj/LaunchScreen.storyboard; sourceTree = "<group>"; };
		547ECCFC28AA6F5800B86407 /* Info.plist */ = {isa = PBXFileReference; lastKnownFileType = text.plist.xml; path = Info.plist; sourceTree = "<group>"; };
		547ECD0228AA71A100B86407 /* ExchangeRateController.swift */ = {isa = PBXFileReference; lastKnownFileType = sourcecode.swift; path = ExchangeRateController.swift; sourceTree = "<group>"; };
		547ECD0428AA71CC00B86407 /* ExchangeRate.swift */ = {isa = PBXFileReference; lastKnownFileType = sourcecode.swift; path = ExchangeRate.swift; sourceTree = "<group>"; };
		547ECD0A28AA7CCF00B86407 /* URLSessionHTTPClient.swift */ = {isa = PBXFileReference; lastKnownFileType = sourcecode.swift; path = URLSessionHTTPClient.swift; sourceTree = "<group>"; };
		547ECD0C28AA836600B86407 /* ExchangeRate.json */ = {isa = PBXFileReference; lastKnownFileType = text.json; path = ExchangeRate.json; sourceTree = "<group>"; };
		54F40A5628ABC8720000CC3A /* NetworkError.swift */ = {isa = PBXFileReference; lastKnownFileType = sourcecode.swift; path = NetworkError.swift; sourceTree = "<group>"; };
		54F40A5828ABCE510000CC3A /* UiViewController+Alert.swift */ = {isa = PBXFileReference; lastKnownFileType = sourcecode.swift; path = "UiViewController+Alert.swift"; sourceTree = "<group>"; };
/* End PBXFileReference section */

/* Begin PBXFrameworksBuildPhase section */
		547ECCE828AA6F5600B86407 /* Frameworks */ = {
			isa = PBXFrameworksBuildPhase;
			buildActionMask = 2147483647;
			files = (
			);
			runOnlyForDeploymentPostprocessing = 0;
		};
/* End PBXFrameworksBuildPhase section */

/* Begin PBXGroup section */
		547ECCE228AA6F5600B86407 = {
			isa = PBXGroup;
			children = (
				547ECCED28AA6F5600B86407 /* Le Baluchon */,
				547ECCEC28AA6F5600B86407 /* Products */,
			);
			sourceTree = "<group>";
		};
		547ECCEC28AA6F5600B86407 /* Products */ = {
			isa = PBXGroup;
			children = (
				547ECCEB28AA6F5600B86407 /* Le Baluchon.app */,
			);
			name = Products;
			sourceTree = "<group>";
		};
		547ECCED28AA6F5600B86407 /* Le Baluchon */ = {
			isa = PBXGroup;
			children = (
				547ECCFC28AA6F5800B86407 /* Info.plist */,
				547ECD0928AA726700B86407 /* Supporting Files */,
				547ECD0728AA71DA00B86407 /* Controller */,
				547ECD0628AA71D100B86407 /* Model */,
				547ECD0828AA71F200B86407 /* View */,
			);
			path = "Le Baluchon";
			sourceTree = "<group>";
		};
		547ECD0628AA71D100B86407 /* Model */ = {
			isa = PBXGroup;
			children = (
				547ECD0A28AA7CCF00B86407 /* URLSessionHTTPClient.swift */,
				547ECD0428AA71CC00B86407 /* ExchangeRate.swift */,
				54F40A5628ABC8720000CC3A /* NetworkError.swift */,
				547ECD0C28AA836600B86407 /* ExchangeRate.json */,
			);
			path = Model;
			sourceTree = "<group>";
		};
		547ECD0728AA71DA00B86407 /* Controller */ = {
			isa = PBXGroup;
			children = (
				54F40A5828ABCE510000CC3A /* UiViewController+Alert.swift */,
				547ECD0228AA71A100B86407 /* ExchangeRateController.swift */,
			);
			path = Controller;
			sourceTree = "<group>";
		};
		547ECD0828AA71F200B86407 /* View */ = {
			isa = PBXGroup;
			children = (
				547ECCF928AA6F5800B86407 /* LaunchScreen.storyboard */,
				547ECCF428AA6F5600B86407 /* Main.storyboard */,
			);
			path = View;
			sourceTree = "<group>";
		};
		547ECD0928AA726700B86407 /* Supporting Files */ = {
			isa = PBXGroup;
			children = (
				547ECCF728AA6F5800B86407 /* Assets.xcassets */,
				547ECCEE28AA6F5600B86407 /* AppDelegate.swift */,
				547ECCF028AA6F5600B86407 /* SceneDelegate.swift */,
			);
			path = "Supporting Files";
			sourceTree = "<group>";
		};
/* End PBXGroup section */

/* Begin PBXNativeTarget section */
		547ECCEA28AA6F5600B86407 /* Le Baluchon */ = {
			isa = PBXNativeTarget;
			buildConfigurationList = 547ECCFF28AA6F5800B86407 /* Build configuration list for PBXNativeTarget "Le Baluchon" */;
			buildPhases = (
				547ECCE728AA6F5600B86407 /* Sources */,
				547ECCE828AA6F5600B86407 /* Frameworks */,
				547ECCE928AA6F5600B86407 /* Resources */,
			);
			buildRules = (
			);
			dependencies = (
			);
			name = "Le Baluchon";
			productName = "Le Baluchon";
			productReference = 547ECCEB28AA6F5600B86407 /* Le Baluchon.app */;
			productType = "com.apple.product-type.application";
		};
/* End PBXNativeTarget section */

/* Begin PBXProject section */
		547ECCE328AA6F5600B86407 /* Project object */ = {
			isa = PBXProject;
			attributes = {
				BuildIndependentTargetsInParallel = 1;
				LastSwiftUpdateCheck = 1340;
				LastUpgradeCheck = 1340;
				TargetAttributes = {
					547ECCEA28AA6F5600B86407 = {
						CreatedOnToolsVersion = 13.4.1;
					};
				};
			};
			buildConfigurationList = 547ECCE628AA6F5600B86407 /* Build configuration list for PBXProject "Le Baluchon" */;
			compatibilityVersion = "Xcode 13.0";
			developmentRegion = en;
			hasScannedForEncodings = 0;
			knownRegions = (
				en,
				Base,
			);
			mainGroup = 547ECCE228AA6F5600B86407;
			productRefGroup = 547ECCEC28AA6F5600B86407 /* Products */;
			projectDirPath = "";
			projectRoot = "";
			targets = (
				547ECCEA28AA6F5600B86407 /* Le Baluchon */,
			);
		};
/* End PBXProject section */

/* Begin PBXResourcesBuildPhase section */
		547ECCE928AA6F5600B86407 /* Resources */ = {
			isa = PBXResourcesBuildPhase;
			buildActionMask = 2147483647;
			files = (
				547ECD0D28AA836600B86407 /* ExchangeRate.json in Resources */,
				547ECCFB28AA6F5800B86407 /* LaunchScreen.storyboard in Resources */,
				547ECCF828AA6F5800B86407 /* Assets.xcassets in Resources */,
				547ECCF628AA6F5600B86407 /* Main.storyboard in Resources */,
			);
			runOnlyForDeploymentPostprocessing = 0;
		};
/* End PBXResourcesBuildPhase section */

/* Begin PBXSourcesBuildPhase section */
		547ECCE728AA6F5600B86407 /* Sources */ = {
			isa = PBXSourcesBuildPhase;
			buildActionMask = 2147483647;
			files = (
				547ECD0528AA71CC00B86407 /* ExchangeRate.swift in Sources */,
				547ECD0B28AA7CCF00B86407 /* URLSessionHTTPClient.swift in Sources */,
				547ECCEF28AA6F5600B86407 /* AppDelegate.swift in Sources */,
				54F40A5728ABC8720000CC3A /* NetworkError.swift in Sources */,
				54F40A5928ABCE510000CC3A /* UiViewController+Alert.swift in Sources */,
				547ECD0328AA71A100B86407 /* ExchangeRateController.swift in Sources */,
				547ECCF128AA6F5600B86407 /* SceneDelegate.swift in Sources */,
			);
			runOnlyForDeploymentPostprocessing = 0;
		};
/* End PBXSourcesBuildPhase section */

/* Begin PBXVariantGroup section */
		547ECCF428AA6F5600B86407 /* Main.storyboard */ = {
			isa = PBXVariantGroup;
			children = (
				547ECCF528AA6F5600B86407 /* Base */,
			);
			name = Main.storyboard;
			sourceTree = "<group>";
		};
		547ECCF928AA6F5800B86407 /* LaunchScreen.storyboard */ = {
			isa = PBXVariantGroup;
			children = (
				547ECCFA28AA6F5800B86407 /* Base */,
			);
			name = LaunchScreen.storyboard;
			sourceTree = "<group>";
		};
/* End PBXVariantGroup section */

/* Begin XCBuildConfiguration section */
		547ECCFD28AA6F5800B86407 /* Debug */ = {
			isa = XCBuildConfiguration;
			buildSettings = {
				ALWAYS_SEARCH_USER_PATHS = NO;
				CLANG_ANALYZER_NONNULL = YES;
				CLANG_ANALYZER_NUMBER_OBJECT_CONVERSION = YES_AGGRESSIVE;
				CLANG_CXX_LANGUAGE_STANDARD = "gnu++17";
				CLANG_ENABLE_MODULES = YES;
				CLANG_ENABLE_OBJC_ARC = YES;
				CLANG_ENABLE_OBJC_WEAK = YES;
				CLANG_WARN_BLOCK_CAPTURE_AUTORELEASING = YES;
				CLANG_WARN_BOOL_CONVERSION = YES;
				CLANG_WARN_COMMA = YES;
				CLANG_WARN_CONSTANT_CONVERSION = YES;
				CLANG_WARN_DEPRECATED_OBJC_IMPLEMENTATIONS = YES;
				CLANG_WARN_DIRECT_OBJC_ISA_USAGE = YES_ERROR;
				CLANG_WARN_DOCUMENTATION_COMMENTS = YES;
				CLANG_WARN_EMPTY_BODY = YES;
				CLANG_WARN_ENUM_CONVERSION = YES;
				CLANG_WARN_INFINITE_RECURSION = YES;
				CLANG_WARN_INT_CONVERSION = YES;
				CLANG_WARN_NON_LITERAL_NULL_CONVERSION = YES;
				CLANG_WARN_OBJC_IMPLICIT_RETAIN_SELF = YES;
				CLANG_WARN_OBJC_LITERAL_CONVERSION = YES;
				CLANG_WARN_OBJC_ROOT_CLASS = YES_ERROR;
				CLANG_WARN_QUOTED_INCLUDE_IN_FRAMEWORK_HEADER = YES;
				CLANG_WARN_RANGE_LOOP_ANALYSIS = YES;
				CLANG_WARN_STRICT_PROTOTYPES = YES;
				CLANG_WARN_SUSPICIOUS_MOVE = YES;
				CLANG_WARN_UNGUARDED_AVAILABILITY = YES_AGGRESSIVE;
				CLANG_WARN_UNREACHABLE_CODE = YES;
				CLANG_WARN__DUPLICATE_METHOD_MATCH = YES;
				COPY_PHASE_STRIP = NO;
				DEBUG_INFORMATION_FORMAT = dwarf;
				ENABLE_STRICT_OBJC_MSGSEND = YES;
				ENABLE_TESTABILITY = YES;
				GCC_C_LANGUAGE_STANDARD = gnu11;
				GCC_DYNAMIC_NO_PIC = NO;
				GCC_NO_COMMON_BLOCKS = YES;
				GCC_OPTIMIZATION_LEVEL = 0;
				GCC_PREPROCESSOR_DEFINITIONS = (
					"DEBUG=1",
					"$(inherited)",
				);
				GCC_WARN_64_TO_32_BIT_CONVERSION = YES;
				GCC_WARN_ABOUT_RETURN_TYPE = YES_ERROR;
				GCC_WARN_UNDECLARED_SELECTOR = YES;
				GCC_WARN_UNINITIALIZED_AUTOS = YES_AGGRESSIVE;
				GCC_WARN_UNUSED_FUNCTION = YES;
				GCC_WARN_UNUSED_VARIABLE = YES;
				IPHONEOS_DEPLOYMENT_TARGET = 15.5;
				MTL_ENABLE_DEBUG_INFO = INCLUDE_SOURCE;
				MTL_FAST_MATH = YES;
				ONLY_ACTIVE_ARCH = YES;
				SDKROOT = iphoneos;
				SWIFT_ACTIVE_COMPILATION_CONDITIONS = DEBUG;
				SWIFT_OPTIMIZATION_LEVEL = "-Onone";
			};
			name = Debug;
		};
		547ECCFE28AA6F5800B86407 /* Release */ = {
			isa = XCBuildConfiguration;
			buildSettings = {
				ALWAYS_SEARCH_USER_PATHS = NO;
				CLANG_ANALYZER_NONNULL = YES;
				CLANG_ANALYZER_NUMBER_OBJECT_CONVERSION = YES_AGGRESSIVE;
				CLANG_CXX_LANGUAGE_STANDARD = "gnu++17";
				CLANG_ENABLE_MODULES = YES;
				CLANG_ENABLE_OBJC_ARC = YES;
				CLANG_ENABLE_OBJC_WEAK = YES;
				CLANG_WARN_BLOCK_CAPTURE_AUTORELEASING = YES;
				CLANG_WARN_BOOL_CONVERSION = YES;
				CLANG_WARN_COMMA = YES;
				CLANG_WARN_CONSTANT_CONVERSION = YES;
				CLANG_WARN_DEPRECATED_OBJC_IMPLEMENTATIONS = YES;
				CLANG_WARN_DIRECT_OBJC_ISA_USAGE = YES_ERROR;
				CLANG_WARN_DOCUMENTATION_COMMENTS = YES;
				CLANG_WARN_EMPTY_BODY = YES;
				CLANG_WARN_ENUM_CONVERSION = YES;
				CLANG_WARN_INFINITE_RECURSION = YES;
				CLANG_WARN_INT_CONVERSION = YES;
				CLANG_WARN_NON_LITERAL_NULL_CONVERSION = YES;
				CLANG_WARN_OBJC_IMPLICIT_RETAIN_SELF = YES;
				CLANG_WARN_OBJC_LITERAL_CONVERSION = YES;
				CLANG_WARN_OBJC_ROOT_CLASS = YES_ERROR;
				CLANG_WARN_QUOTED_INCLUDE_IN_FRAMEWORK_HEADER = YES;
				CLANG_WARN_RANGE_LOOP_ANALYSIS = YES;
				CLANG_WARN_STRICT_PROTOTYPES = YES;
				CLANG_WARN_SUSPICIOUS_MOVE = YES;
				CLANG_WARN_UNGUARDED_AVAILABILITY = YES_AGGRESSIVE;
				CLANG_WARN_UNREACHABLE_CODE = YES;
				CLANG_WARN__DUPLICATE_METHOD_MATCH = YES;
				COPY_PHASE_STRIP = NO;
				DEBUG_INFORMATION_FORMAT = "dwarf-with-dsym";
				ENABLE_NS_ASSERTIONS = NO;
				ENABLE_STRICT_OBJC_MSGSEND = YES;
				GCC_C_LANGUAGE_STANDARD = gnu11;
				GCC_NO_COMMON_BLOCKS = YES;
				GCC_WARN_64_TO_32_BIT_CONVERSION = YES;
				GCC_WARN_ABOUT_RETURN_TYPE = YES_ERROR;
				GCC_WARN_UNDECLARED_SELECTOR = YES;
				GCC_WARN_UNINITIALIZED_AUTOS = YES_AGGRESSIVE;
				GCC_WARN_UNUSED_FUNCTION = YES;
				GCC_WARN_UNUSED_VARIABLE = YES;
				IPHONEOS_DEPLOYMENT_TARGET = 15.5;
				MTL_ENABLE_DEBUG_INFO = NO;
				MTL_FAST_MATH = YES;
				SDKROOT = iphoneos;
				SWIFT_COMPILATION_MODE = wholemodule;
				SWIFT_OPTIMIZATION_LEVEL = "-O";
				VALIDATE_PRODUCT = YES;
			};
			name = Release;
		};
		547ECD0028AA6F5800B86407 /* Debug */ = {
			isa = XCBuildConfiguration;
			buildSettings = {
				ASSETCATALOG_COMPILER_APPICON_NAME = AppIcon;
				ASSETCATALOG_COMPILER_GLOBAL_ACCENT_COLOR_NAME = AccentColor;
				CODE_SIGN_STYLE = Automatic;
				CURRENT_PROJECT_VERSION = 1;
				DEVELOPMENT_TEAM = 4YN9289X4K;
				GENERATE_INFOPLIST_FILE = YES;
				INFOPLIST_FILE = "Le Baluchon/Info.plist";
				INFOPLIST_KEY_UIApplicationSupportsIndirectInputEvents = YES;
				INFOPLIST_KEY_UILaunchStoryboardName = LaunchScreen;
				INFOPLIST_KEY_UIMainStoryboardFile = Main;
				INFOPLIST_KEY_UISupportedInterfaceOrientations = UIInterfaceOrientationPortrait;
				INFOPLIST_KEY_UISupportedInterfaceOrientations_iPad = "UIInterfaceOrientationPortrait UIInterfaceOrientationPortraitUpsideDown UIInterfaceOrientationLandscapeLeft UIInterfaceOrientationLandscapeRight";
				INFOPLIST_KEY_UISupportedInterfaceOrientations_iPhone = "UIInterfaceOrientationPortrait UIInterfaceOrientationLandscapeLeft UIInterfaceOrientationLandscapeRight";
				IPHONEOS_DEPLOYMENT_TARGET = 15.5;
				LD_RUNPATH_SEARCH_PATHS = (
					"$(inherited)",
					"@executable_path/Frameworks",
				);
				MARKETING_VERSION = 1.0;
				PRODUCT_BUNDLE_IDENTIFIER = "com.easeyourlife.Le-Baluchon";
				PRODUCT_NAME = "$(TARGET_NAME)";
				SWIFT_EMIT_LOC_STRINGS = YES;
				SWIFT_VERSION = 5.0;
				TARGETED_DEVICE_FAMILY = 1;
			};
			name = Debug;
		};
		547ECD0128AA6F5800B86407 /* Release */ = {
			isa = XCBuildConfiguration;
			buildSettings = {
				ASSETCATALOG_COMPILER_APPICON_NAME = AppIcon;
				ASSETCATALOG_COMPILER_GLOBAL_ACCENT_COLOR_NAME = AccentColor;
				CODE_SIGN_STYLE = Automatic;
				CURRENT_PROJECT_VERSION = 1;
				DEVELOPMENT_TEAM = 4YN9289X4K;
				GENERATE_INFOPLIST_FILE = YES;
				INFOPLIST_FILE = "Le Baluchon/Info.plist";
				INFOPLIST_KEY_UIApplicationSupportsIndirectInputEvents = YES;
				INFOPLIST_KEY_UILaunchStoryboardName = LaunchScreen;
				INFOPLIST_KEY_UIMainStoryboardFile = Main;
				INFOPLIST_KEY_UISupportedInterfaceOrientations = UIInterfaceOrientationPortrait;
				INFOPLIST_KEY_UISupportedInterfaceOrientations_iPad = "UIInterfaceOrientationPortrait UIInterfaceOrientationPortraitUpsideDown UIInterfaceOrientationLandscapeLeft UIInterfaceOrientationLandscapeRight";
				INFOPLIST_KEY_UISupportedInterfaceOrientations_iPhone = "UIInterfaceOrientationPortrait UIInterfaceOrientationLandscapeLeft UIInterfaceOrientationLandscapeRight";
				IPHONEOS_DEPLOYMENT_TARGET = 15.5;
				LD_RUNPATH_SEARCH_PATHS = (
					"$(inherited)",
					"@executable_path/Frameworks",
				);
				MARKETING_VERSION = 1.0;
				PRODUCT_BUNDLE_IDENTIFIER = "com.easeyourlife.Le-Baluchon";
				PRODUCT_NAME = "$(TARGET_NAME)";
				SWIFT_EMIT_LOC_STRINGS = YES;
				SWIFT_VERSION = 5.0;
				TARGETED_DEVICE_FAMILY = 1;
			};
			name = Release;
		};
/* End XCBuildConfiguration section */

/* Begin XCConfigurationList section */
		547ECCE628AA6F5600B86407 /* Build configuration list for PBXProject "Le Baluchon" */ = {
			isa = XCConfigurationList;
			buildConfigurations = (
				547ECCFD28AA6F5800B86407 /* Debug */,
				547ECCFE28AA6F5800B86407 /* Release */,
			);
			defaultConfigurationIsVisible = 0;
			defaultConfigurationName = Release;
		};
		547ECCFF28AA6F5800B86407 /* Build configuration list for PBXNativeTarget "Le Baluchon" */ = {
			isa = XCConfigurationList;
			buildConfigurations = (
				547ECD0028AA6F5800B86407 /* Debug */,
				547ECD0128AA6F5800B86407 /* Release */,
			);
			defaultConfigurationIsVisible = 0;
			defaultConfigurationName = Release;
		};
/* End XCConfigurationList section */
	};
	rootObject = 547ECCE328AA6F5600B86407 /* Project object */;
}
