// !$*UTF8*$!
{
	archiveVersion = 1;
	classes = {
	};
	objectVersion = 55;
	objects = {

/* Begin PBXBuildFile section */
		54118C6128E0A58500B8F122 /* WeatherEndpoint.swift in Sources */ = {isa = PBXBuildFile; fileRef = 54118C6028E0A58500B8F122 /* WeatherEndpoint.swift */; };
		54118C6328E0A91A00B8F122 /* TranslateEndpoint.swift in Sources */ = {isa = PBXBuildFile; fileRef = 54118C6228E0A91A00B8F122 /* TranslateEndpoint.swift */; };
		54118C6628E0B7DC00B8F122 /* FixerEndpoint.swift in Sources */ = {isa = PBXBuildFile; fileRef = 54118C6528E0B7DC00B8F122 /* FixerEndpoint.swift */; };
		542F19EF28EACDD3005DB4F9 /* FixerLoaderTest.swift in Sources */ = {isa = PBXBuildFile; fileRef = 542F19EE28EAC9C4005DB4F9 /* FixerLoaderTest.swift */; };
		542F19F028EACDDA005DB4F9 /* WeatherLoaderTest.swift in Sources */ = {isa = PBXBuildFile; fileRef = 542F19ED28E9FE87005DB4F9 /* WeatherLoaderTest.swift */; };
		542F19F128EACDDF005DB4F9 /* TranslateLoaderTest.swift in Sources */ = {isa = PBXBuildFile; fileRef = 542F19EC28E9FE84005DB4F9 /* TranslateLoaderTest.swift */; };
		542F19F328ED934F005DB4F9 /* ExchangeRate.json in Resources */ = {isa = PBXBuildFile; fileRef = 547ECD0C28AA836600B86407 /* ExchangeRate.json */; };
		542F19F428ED9353005DB4F9 /* Translate.json in Resources */ = {isa = PBXBuildFile; fileRef = 54B7C72D28D87AAD0005B3DE /* Translate.json */; };
		542F19F528ED9357005DB4F9 /* Weather.json in Resources */ = {isa = PBXBuildFile; fileRef = 5498842A28C0C89800EB2915 /* Weather.json */; };
		542F19F828ED93D9005DB4F9 /* URLProtocolStub.swift in Sources */ = {isa = PBXBuildFile; fileRef = 566517EF28E1C2EF00635135 /* URLProtocolStub.swift */; };
		542F19FD28ED9458005DB4F9 /* ClientStub.swift in Sources */ = {isa = PBXBuildFile; fileRef = 542F19FB28ED9452005DB4F9 /* ClientStub.swift */; };
		547ECCEF28AA6F5600B86407 /* AppDelegate.swift in Sources */ = {isa = PBXBuildFile; fileRef = 547ECCEE28AA6F5600B86407 /* AppDelegate.swift */; };
		547ECCF128AA6F5600B86407 /* SceneDelegate.swift in Sources */ = {isa = PBXBuildFile; fileRef = 547ECCF028AA6F5600B86407 /* SceneDelegate.swift */; };
		547ECCF628AA6F5600B86407 /* Main.storyboard in Resources */ = {isa = PBXBuildFile; fileRef = 547ECCF428AA6F5600B86407 /* Main.storyboard */; };
		547ECCF828AA6F5800B86407 /* Assets.xcassets in Resources */ = {isa = PBXBuildFile; fileRef = 547ECCF728AA6F5800B86407 /* Assets.xcassets */; };
		547ECCFB28AA6F5800B86407 /* LaunchScreen.storyboard in Resources */ = {isa = PBXBuildFile; fileRef = 547ECCF928AA6F5800B86407 /* LaunchScreen.storyboard */; };
		547ECD0328AA71A100B86407 /* ExchangeRateController.swift in Sources */ = {isa = PBXBuildFile; fileRef = 547ECD0228AA71A100B86407 /* ExchangeRateController.swift */; };
		547ECD0528AA71CC00B86407 /* FixerItem.swift in Sources */ = {isa = PBXBuildFile; fileRef = 547ECD0428AA71CC00B86407 /* FixerItem.swift */; };
		547ECD0B28AA7CCF00B86407 /* URLSessionHTTPClient.swift in Sources */ = {isa = PBXBuildFile; fileRef = 547ECD0A28AA7CCF00B86407 /* URLSessionHTTPClient.swift */; };
		5498842628C056CA00EB2915 /* WeatherItem.swift in Sources */ = {isa = PBXBuildFile; fileRef = 5498842528C056CA00EB2915 /* WeatherItem.swift */; };
		5498842928C0BBDB00EB2915 /* WeatherController.swift in Sources */ = {isa = PBXBuildFile; fileRef = 5498842828C0BBDB00EB2915 /* WeatherController.swift */; };
		5498843628C0E36400EB2915 /* WeatherLoader.swift in Sources */ = {isa = PBXBuildFile; fileRef = 5498843528C0E36400EB2915 /* WeatherLoader.swift */; };
		5498843828C0E37C00EB2915 /* WeatherMapper.swift in Sources */ = {isa = PBXBuildFile; fileRef = 5498843728C0E37C00EB2915 /* WeatherMapper.swift */; };
		5498843A28C106A400EB2915 /* UIViewController+idWeather.swift in Sources */ = {isa = PBXBuildFile; fileRef = 5498843928C106A400EB2915 /* UIViewController+idWeather.swift */; };
		54B13D8128BE5097001E1E92 /* FixerLoader.swift in Sources */ = {isa = PBXBuildFile; fileRef = 54B13D8028BE5097001E1E92 /* FixerLoader.swift */; };
		54B13D8328BE50C6001E1E92 /* FixerMapper.swift in Sources */ = {isa = PBXBuildFile; fileRef = 54B13D8228BE50C5001E1E92 /* FixerMapper.swift */; };
		54B13D8728BE6C2D001E1E92 /* UITextField+Custom.swift in Sources */ = {isa = PBXBuildFile; fileRef = 54B13D8628BE6C2D001E1E92 /* UITextField+Custom.swift */; };
		54B5933728F86AF200BA574C /* APIConfig.swift in Sources */ = {isa = PBXBuildFile; fileRef = 54B5933628F86AF200BA574C /* APIConfig.swift */; };
		54B7C70D28D866EA0005B3DE /* URLSessionTest.swift in Sources */ = {isa = PBXBuildFile; fileRef = 54B7C70C28D866EA0005B3DE /* URLSessionTest.swift */; };
		54CEEA8C28CF2D8A00D5EBB1 /* TranslateMapper.swift in Sources */ = {isa = PBXBuildFile; fileRef = 54CEEA8B28CF2D8A00D5EBB1 /* TranslateMapper.swift */; };
		54CEEA8E28CF2D9800D5EBB1 /* TranslateLoader.swift in Sources */ = {isa = PBXBuildFile; fileRef = 54CEEA8D28CF2D9800D5EBB1 /* TranslateLoader.swift */; };
		54CEEA9028CF2DAB00D5EBB1 /* TranslateItem.swift in Sources */ = {isa = PBXBuildFile; fileRef = 54CEEA8F28CF2DAB00D5EBB1 /* TranslateItem.swift */; };
		54CEEA9228CF2E6F00D5EBB1 /* TranslateController.swift in Sources */ = {isa = PBXBuildFile; fileRef = 54CEEA9128CF2E6F00D5EBB1 /* TranslateController.swift */; };
		54F40A5728ABC8720000CC3A /* NetworkError.swift in Sources */ = {isa = PBXBuildFile; fileRef = 54F40A5628ABC8720000CC3A /* NetworkError.swift */; };
		54F40A5928ABCE510000CC3A /* UiViewController+Alert.swift in Sources */ = {isa = PBXBuildFile; fileRef = 54F40A5828ABCE510000CC3A /* UiViewController+Alert.swift */; };
/* End PBXBuildFile section */

/* Begin PBXContainerItemProxy section */
		54B7C70E28D866EA0005B3DE /* PBXContainerItemProxy */ = {
			isa = PBXContainerItemProxy;
			containerPortal = 547ECCE328AA6F5600B86407 /* Project object */;
			proxyType = 1;
			remoteGlobalIDString = 547ECCEA28AA6F5600B86407;
			remoteInfo = "Le Baluchon";
		};
/* End PBXContainerItemProxy section */

/* Begin PBXFileReference section */
		54118C6028E0A58500B8F122 /* WeatherEndpoint.swift */ = {isa = PBXFileReference; lastKnownFileType = sourcecode.swift; path = WeatherEndpoint.swift; sourceTree = "<group>"; };
		54118C6228E0A91A00B8F122 /* TranslateEndpoint.swift */ = {isa = PBXFileReference; lastKnownFileType = sourcecode.swift; path = TranslateEndpoint.swift; sourceTree = "<group>"; };
		54118C6528E0B7DC00B8F122 /* FixerEndpoint.swift */ = {isa = PBXFileReference; lastKnownFileType = sourcecode.swift; path = FixerEndpoint.swift; sourceTree = "<group>"; };
		542F19EC28E9FE84005DB4F9 /* TranslateLoaderTest.swift */ = {isa = PBXFileReference; lastKnownFileType = sourcecode.swift; path = TranslateLoaderTest.swift; sourceTree = "<group>"; };
		542F19ED28E9FE87005DB4F9 /* WeatherLoaderTest.swift */ = {isa = PBXFileReference; lastKnownFileType = sourcecode.swift; path = WeatherLoaderTest.swift; sourceTree = "<group>"; };
		542F19EE28EAC9C4005DB4F9 /* FixerLoaderTest.swift */ = {isa = PBXFileReference; lastKnownFileType = sourcecode.swift; path = FixerLoaderTest.swift; sourceTree = "<group>"; };
		542F19FB28ED9452005DB4F9 /* ClientStub.swift */ = {isa = PBXFileReference; lastKnownFileType = sourcecode.swift; path = ClientStub.swift; sourceTree = "<group>"; };
		547ECCEB28AA6F5600B86407 /* Le Baluchon.app */ = {isa = PBXFileReference; explicitFileType = wrapper.application; includeInIndex = 0; path = "Le Baluchon.app"; sourceTree = BUILT_PRODUCTS_DIR; };
		547ECCEE28AA6F5600B86407 /* AppDelegate.swift */ = {isa = PBXFileReference; lastKnownFileType = sourcecode.swift; path = AppDelegate.swift; sourceTree = "<group>"; };
		547ECCF028AA6F5600B86407 /* SceneDelegate.swift */ = {isa = PBXFileReference; lastKnownFileType = sourcecode.swift; path = SceneDelegate.swift; sourceTree = "<group>"; };
		547ECCF528AA6F5600B86407 /* Base */ = {isa = PBXFileReference; lastKnownFileType = file.storyboard; name = Base; path = Base.lproj/Main.storyboard; sourceTree = "<group>"; };
		547ECCF728AA6F5800B86407 /* Assets.xcassets */ = {isa = PBXFileReference; lastKnownFileType = folder.assetcatalog; path = Assets.xcassets; sourceTree = "<group>"; };
		547ECCFA28AA6F5800B86407 /* Base */ = {isa = PBXFileReference; lastKnownFileType = file.storyboard; name = Base; path = Base.lproj/LaunchScreen.storyboard; sourceTree = "<group>"; };
		547ECCFC28AA6F5800B86407 /* Info.plist */ = {isa = PBXFileReference; lastKnownFileType = text.plist.xml; path = Info.plist; sourceTree = "<group>"; };
		547ECD0228AA71A100B86407 /* ExchangeRateController.swift */ = {isa = PBXFileReference; lastKnownFileType = sourcecode.swift; path = ExchangeRateController.swift; sourceTree = "<group>"; };
		547ECD0428AA71CC00B86407 /* FixerItem.swift */ = {isa = PBXFileReference; lastKnownFileType = sourcecode.swift; path = FixerItem.swift; sourceTree = "<group>"; };
		547ECD0A28AA7CCF00B86407 /* URLSessionHTTPClient.swift */ = {isa = PBXFileReference; lastKnownFileType = sourcecode.swift; path = URLSessionHTTPClient.swift; sourceTree = "<group>"; };
		547ECD0C28AA836600B86407 /* ExchangeRate.json */ = {isa = PBXFileReference; lastKnownFileType = text.json; path = ExchangeRate.json; sourceTree = "<group>"; };
		5498842528C056CA00EB2915 /* WeatherItem.swift */ = {isa = PBXFileReference; lastKnownFileType = sourcecode.swift; path = WeatherItem.swift; sourceTree = "<group>"; };
		5498842828C0BBDB00EB2915 /* WeatherController.swift */ = {isa = PBXFileReference; lastKnownFileType = sourcecode.swift; path = WeatherController.swift; sourceTree = "<group>"; };
		5498842A28C0C89800EB2915 /* Weather.json */ = {isa = PBXFileReference; lastKnownFileType = text.json; path = Weather.json; sourceTree = "<group>"; };
		5498843528C0E36400EB2915 /* WeatherLoader.swift */ = {isa = PBXFileReference; lastKnownFileType = sourcecode.swift; path = WeatherLoader.swift; sourceTree = "<group>"; };
		5498843728C0E37C00EB2915 /* WeatherMapper.swift */ = {isa = PBXFileReference; lastKnownFileType = sourcecode.swift; path = WeatherMapper.swift; sourceTree = "<group>"; };
		5498843928C106A400EB2915 /* UIViewController+idWeather.swift */ = {isa = PBXFileReference; lastKnownFileType = sourcecode.swift; path = "UIViewController+idWeather.swift"; sourceTree = "<group>"; };
		54B13D8028BE5097001E1E92 /* FixerLoader.swift */ = {isa = PBXFileReference; lastKnownFileType = sourcecode.swift; path = FixerLoader.swift; sourceTree = "<group>"; };
		54B13D8228BE50C5001E1E92 /* FixerMapper.swift */ = {isa = PBXFileReference; lastKnownFileType = sourcecode.swift; path = FixerMapper.swift; sourceTree = "<group>"; };
		54B13D8628BE6C2D001E1E92 /* UITextField+Custom.swift */ = {isa = PBXFileReference; lastKnownFileType = sourcecode.swift; path = "UITextField+Custom.swift"; sourceTree = "<group>"; };
		54B5933628F86AF200BA574C /* APIConfig.swift */ = {isa = PBXFileReference; lastKnownFileType = sourcecode.swift; path = APIConfig.swift; sourceTree = "<group>"; };
		54B7C70A28D866EA0005B3DE /* LeBaluchonTest.xctest */ = {isa = PBXFileReference; explicitFileType = wrapper.cfbundle; includeInIndex = 0; path = LeBaluchonTest.xctest; sourceTree = BUILT_PRODUCTS_DIR; };
		54B7C70C28D866EA0005B3DE /* URLSessionTest.swift */ = {isa = PBXFileReference; lastKnownFileType = sourcecode.swift; path = URLSessionTest.swift; sourceTree = "<group>"; };
		54B7C72D28D87AAD0005B3DE /* Translate.json */ = {isa = PBXFileReference; lastKnownFileType = text.json; path = Translate.json; sourceTree = "<group>"; };
		54CEEA8B28CF2D8A00D5EBB1 /* TranslateMapper.swift */ = {isa = PBXFileReference; lastKnownFileType = sourcecode.swift; path = TranslateMapper.swift; sourceTree = "<group>"; };
		54CEEA8D28CF2D9800D5EBB1 /* TranslateLoader.swift */ = {isa = PBXFileReference; lastKnownFileType = sourcecode.swift; path = TranslateLoader.swift; sourceTree = "<group>"; };
		54CEEA8F28CF2DAB00D5EBB1 /* TranslateItem.swift */ = {isa = PBXFileReference; lastKnownFileType = sourcecode.swift; path = TranslateItem.swift; sourceTree = "<group>"; };
		54CEEA9128CF2E6F00D5EBB1 /* TranslateController.swift */ = {isa = PBXFileReference; lastKnownFileType = sourcecode.swift; path = TranslateController.swift; sourceTree = "<group>"; };
		54F40A5628ABC8720000CC3A /* NetworkError.swift */ = {isa = PBXFileReference; lastKnownFileType = sourcecode.swift; path = NetworkError.swift; sourceTree = "<group>"; };
		54F40A5828ABCE510000CC3A /* UiViewController+Alert.swift */ = {isa = PBXFileReference; lastKnownFileType = sourcecode.swift; path = "UiViewController+Alert.swift"; sourceTree = "<group>"; };
		566517EF28E1C2EF00635135 /* URLProtocolStub.swift */ = {isa = PBXFileReference; lastKnownFileType = sourcecode.swift; path = URLProtocolStub.swift; sourceTree = "<group>"; };
/* End PBXFileReference section */

/* Begin PBXFrameworksBuildPhase section */
		547ECCE828AA6F5600B86407 /* Frameworks */ = {
			isa = PBXFrameworksBuildPhase;
			buildActionMask = 2147483647;
			files = (
			);
			runOnlyForDeploymentPostprocessing = 0;
		};
		54B7C70728D866EA0005B3DE /* Frameworks */ = {
			isa = PBXFrameworksBuildPhase;
			buildActionMask = 2147483647;
			files = (
			);
			runOnlyForDeploymentPostprocessing = 0;
		};
/* End PBXFrameworksBuildPhase section */

/* Begin PBXGroup section */
		542F19F228ED9324005DB4F9 /* ExchangeRateModels */ = {
			isa = PBXGroup;
			children = (
				542F19EE28EAC9C4005DB4F9 /* FixerLoaderTest.swift */,
				547ECD0C28AA836600B86407 /* ExchangeRate.json */,
			);
			path = ExchangeRateModels;
			sourceTree = "<group>";
		};
		542F19F628ED9366005DB4F9 /* URLSession */ = {
			isa = PBXGroup;
			children = (
				566517EF28E1C2EF00635135 /* URLProtocolStub.swift */,
				54B7C70C28D866EA0005B3DE /* URLSessionTest.swift */,
			);
			path = URLSession;
			sourceTree = "<group>";
		};
		542F19F728ED9378005DB4F9 /* TranslateModels */ = {
			isa = PBXGroup;
			children = (
				542F19EC28E9FE84005DB4F9 /* TranslateLoaderTest.swift */,
				54B7C72D28D87AAD0005B3DE /* Translate.json */,
			);
			path = TranslateModels;
			sourceTree = "<group>";
		};
		542F19F928ED93E3005DB4F9 /* WeatherModels */ = {
			isa = PBXGroup;
			children = (
				542F19ED28E9FE87005DB4F9 /* WeatherLoaderTest.swift */,
				5498842A28C0C89800EB2915 /* Weather.json */,
			);
			path = WeatherModels;
			sourceTree = "<group>";
		};
		542F19FA28ED9425005DB4F9 /* URLSession */ = {
			isa = PBXGroup;
			children = (
				547ECD0A28AA7CCF00B86407 /* URLSessionHTTPClient.swift */,
			);
			path = URLSession;
			sourceTree = "<group>";
		};
		547ECCE228AA6F5600B86407 = {
			isa = PBXGroup;
			children = (
				547ECCED28AA6F5600B86407 /* Le Baluchon */,
				54B7C70B28D866EA0005B3DE /* LeBaluchonTest */,
				547ECCEC28AA6F5600B86407 /* Products */,
			);
			sourceTree = "<group>";
		};
		547ECCEC28AA6F5600B86407 /* Products */ = {
			isa = PBXGroup;
			children = (
				547ECCEB28AA6F5600B86407 /* Le Baluchon.app */,
				54B7C70A28D866EA0005B3DE /* LeBaluchonTest.xctest */,
			);
			name = Products;
			sourceTree = "<group>";
		};
		547ECCED28AA6F5600B86407 /* Le Baluchon */ = {
			isa = PBXGroup;
			children = (
				547ECCFC28AA6F5800B86407 /* Info.plist */,
				547ECD0928AA726700B86407 /* Supporting Files */,
				547ECD0728AA71DA00B86407 /* Controller */,
				547ECD0628AA71D100B86407 /* Model */,
				547ECD0828AA71F200B86407 /* View */,
			);
			path = "Le Baluchon";
			sourceTree = "<group>";
		};
		547ECD0628AA71D100B86407 /* Model */ = {
			isa = PBXGroup;
			children = (
				54F40A5628ABC8720000CC3A /* NetworkError.swift */,
				542F19FA28ED9425005DB4F9 /* URLSession */,
				54B13D8928BE6F3D001E1E92 /* ExchangeRateModels */,
				54CEEA8928CF2D4700D5EBB1 /* TranslateModels */,
				5498842428C056A700EB2915 /* WeatherModels */,
			);
			path = Model;
			sourceTree = "<group>";
		};
		547ECD0728AA71DA00B86407 /* Controller */ = {
			isa = PBXGroup;
			children = (
				54F40A5828ABCE510000CC3A /* UiViewController+Alert.swift */,
				54CEEA8A28CF2D6100D5EBB1 /* TranslateController */,
				54B13D8828BE6F19001E1E92 /* ExchangeRateController */,
				5498842728C0BBC700EB2915 /* WeatherController */,
			);
			path = Controller;
			sourceTree = "<group>";
		};
		547ECD0828AA71F200B86407 /* View */ = {
			isa = PBXGroup;
			children = (
				547ECCF928AA6F5800B86407 /* LaunchScreen.storyboard */,
				547ECCF428AA6F5600B86407 /* Main.storyboard */,
			);
			path = View;
			sourceTree = "<group>";
		};
		547ECD0928AA726700B86407 /* Supporting Files */ = {
			isa = PBXGroup;
			children = (
				547ECCF728AA6F5800B86407 /* Assets.xcassets */,
				547ECCEE28AA6F5600B86407 /* AppDelegate.swift */,
				547ECCF028AA6F5600B86407 /* SceneDelegate.swift */,
				54B5933628F86AF200BA574C /* APIConfig.swift */,
			);
			path = "Supporting Files";
			sourceTree = "<group>";
		};
		5498842428C056A700EB2915 /* WeatherModels */ = {
			isa = PBXGroup;
			children = (
				5498843528C0E36400EB2915 /* WeatherLoader.swift */,
				5498843728C0E37C00EB2915 /* WeatherMapper.swift */,
				5498842528C056CA00EB2915 /* WeatherItem.swift */,
				54118C6028E0A58500B8F122 /* WeatherEndpoint.swift */,
			);
			path = WeatherModels;
			sourceTree = "<group>";
		};
		5498842728C0BBC700EB2915 /* WeatherController */ = {
			isa = PBXGroup;
			children = (
				5498842828C0BBDB00EB2915 /* WeatherController.swift */,
				5498843928C106A400EB2915 /* UIViewController+idWeather.swift */,
			);
			path = WeatherController;
			sourceTree = "<group>";
		};
		54B13D8828BE6F19001E1E92 /* ExchangeRateController */ = {
			isa = PBXGroup;
			children = (
				54B13D8628BE6C2D001E1E92 /* UITextField+Custom.swift */,
				547ECD0228AA71A100B86407 /* ExchangeRateController.swift */,
			);
			path = ExchangeRateController;
			sourceTree = "<group>";
		};
		54B13D8928BE6F3D001E1E92 /* ExchangeRateModels */ = {
			isa = PBXGroup;
			children = (
				54B13D8228BE50C5001E1E92 /* FixerMapper.swift */,
				54B13D8028BE5097001E1E92 /* FixerLoader.swift */,
				54118C6528E0B7DC00B8F122 /* FixerEndpoint.swift */,
				547ECD0428AA71CC00B86407 /* FixerItem.swift */,
			);
			path = ExchangeRateModels;
			sourceTree = "<group>";
		};
		54B7C70B28D866EA0005B3DE /* LeBaluchonTest */ = {
			isa = PBXGroup;
			children = (
				542F19F628ED9366005DB4F9 /* URLSession */,
				542F19FB28ED9452005DB4F9 /* ClientStub.swift */,
				542F19F228ED9324005DB4F9 /* ExchangeRateModels */,
				542F19F728ED9378005DB4F9 /* TranslateModels */,
				542F19F928ED93E3005DB4F9 /* WeatherModels */,
			);
			path = LeBaluchonTest;
			sourceTree = "<group>";
		};
		54CEEA8928CF2D4700D5EBB1 /* TranslateModels */ = {
			isa = PBXGroup;
			children = (
				54CEEA8B28CF2D8A00D5EBB1 /* TranslateMapper.swift */,
				54CEEA8D28CF2D9800D5EBB1 /* TranslateLoader.swift */,
				54CEEA8F28CF2DAB00D5EBB1 /* TranslateItem.swift */,
				54118C6228E0A91A00B8F122 /* TranslateEndpoint.swift */,
			);
			path = TranslateModels;
			sourceTree = "<group>";
		};
		54CEEA8A28CF2D6100D5EBB1 /* TranslateController */ = {
			isa = PBXGroup;
			children = (
				54CEEA9128CF2E6F00D5EBB1 /* TranslateController.swift */,
			);
			path = TranslateController;
			sourceTree = "<group>";
		};
/* End PBXGroup section */

/* Begin PBXNativeTarget section */
		547ECCEA28AA6F5600B86407 /* Le Baluchon */ = {
			isa = PBXNativeTarget;
			buildConfigurationList = 547ECCFF28AA6F5800B86407 /* Build configuration list for PBXNativeTarget "Le Baluchon" */;
			buildPhases = (
				547ECCE728AA6F5600B86407 /* Sources */,
				547ECCE828AA6F5600B86407 /* Frameworks */,
				547ECCE928AA6F5600B86407 /* Resources */,
			);
			buildRules = (
			);
			dependencies = (
			);
			name = "Le Baluchon";
			productName = "Le Baluchon";
			productReference = 547ECCEB28AA6F5600B86407 /* Le Baluchon.app */;
			productType = "com.apple.product-type.application";
		};
		54B7C70928D866EA0005B3DE /* LeBaluchonTest */ = {
			isa = PBXNativeTarget;
			buildConfigurationList = 54B7C71028D866EA0005B3DE /* Build configuration list for PBXNativeTarget "LeBaluchonTest" */;
			buildPhases = (
				54B7C70628D866EA0005B3DE /* Sources */,
				54B7C70728D866EA0005B3DE /* Frameworks */,
				54B7C70828D866EA0005B3DE /* Resources */,
			);
			buildRules = (
			);
			dependencies = (
				54B7C70F28D866EA0005B3DE /* PBXTargetDependency */,
			);
			name = LeBaluchonTest;
			productName = LeBaluchonTest;
			productReference = 54B7C70A28D866EA0005B3DE /* LeBaluchonTest.xctest */;
			productType = "com.apple.product-type.bundle.unit-test";
		};
/* End PBXNativeTarget section */

/* Begin PBXProject section */
		547ECCE328AA6F5600B86407 /* Project object */ = {
			isa = PBXProject;
			attributes = {
				BuildIndependentTargetsInParallel = 1;
				LastSwiftUpdateCheck = 1340;
				LastUpgradeCheck = 1340;
				TargetAttributes = {
					547ECCEA28AA6F5600B86407 = {
						CreatedOnToolsVersion = 13.4.1;
					};
					54B7C70928D866EA0005B3DE = {
						CreatedOnToolsVersion = 13.4.1;
						TestTargetID = 547ECCEA28AA6F5600B86407;
					};
				};
			};
			buildConfigurationList = 547ECCE628AA6F5600B86407 /* Build configuration list for PBXProject "Le Baluchon" */;
			compatibilityVersion = "Xcode 13.0";
			developmentRegion = en;
			hasScannedForEncodings = 0;
			knownRegions = (
				en,
				Base,
			);
			mainGroup = 547ECCE228AA6F5600B86407;
			productRefGroup = 547ECCEC28AA6F5600B86407 /* Products */;
			projectDirPath = "";
			projectRoot = "";
			targets = (
				547ECCEA28AA6F5600B86407 /* Le Baluchon */,
				54B7C70928D866EA0005B3DE /* LeBaluchonTest */,
			);
		};
/* End PBXProject section */

/* Begin PBXResourcesBuildPhase section */
		547ECCE928AA6F5600B86407 /* Resources */ = {
			isa = PBXResourcesBuildPhase;
			buildActionMask = 2147483647;
			files = (
				547ECCFB28AA6F5800B86407 /* LaunchScreen.storyboard in Resources */,
				547ECCF828AA6F5800B86407 /* Assets.xcassets in Resources */,
				547ECCF628AA6F5600B86407 /* Main.storyboard in Resources */,
			);
			runOnlyForDeploymentPostprocessing = 0;
		};
		54B7C70828D866EA0005B3DE /* Resources */ = {
			isa = PBXResourcesBuildPhase;
			buildActionMask = 2147483647;
			files = (
				542F19F428ED9353005DB4F9 /* Translate.json in Resources */,
				542F19F528ED9357005DB4F9 /* Weather.json in Resources */,
				542F19F328ED934F005DB4F9 /* ExchangeRate.json in Resources */,
			);
			runOnlyForDeploymentPostprocessing = 0;
		};
/* End PBXResourcesBuildPhase section */

/* Begin PBXSourcesBuildPhase section */
		547ECCE728AA6F5600B86407 /* Sources */ = {
			isa = PBXSourcesBuildPhase;
			buildActionMask = 2147483647;
			files = (
				547ECD0528AA71CC00B86407 /* FixerItem.swift in Sources */,
				54CEEA8E28CF2D9800D5EBB1 /* TranslateLoader.swift in Sources */,
				54B13D8728BE6C2D001E1E92 /* UITextField+Custom.swift in Sources */,
				54CEEA9228CF2E6F00D5EBB1 /* TranslateController.swift in Sources */,
				54118C6628E0B7DC00B8F122 /* FixerEndpoint.swift in Sources */,
				54CEEA8C28CF2D8A00D5EBB1 /* TranslateMapper.swift in Sources */,
				54B13D8128BE5097001E1E92 /* FixerLoader.swift in Sources */,
				5498843628C0E36400EB2915 /* WeatherLoader.swift in Sources */,
				5498842628C056CA00EB2915 /* WeatherItem.swift in Sources */,
				547ECD0B28AA7CCF00B86407 /* URLSessionHTTPClient.swift in Sources */,
				5498842928C0BBDB00EB2915 /* WeatherController.swift in Sources */,
				54118C6328E0A91A00B8F122 /* TranslateEndpoint.swift in Sources */,
				54118C6128E0A58500B8F122 /* WeatherEndpoint.swift in Sources */,
				54B13D8328BE50C6001E1E92 /* FixerMapper.swift in Sources */,
				547ECCEF28AA6F5600B86407 /* AppDelegate.swift in Sources */,
				54F40A5728ABC8720000CC3A /* NetworkError.swift in Sources */,
				54F40A5928ABCE510000CC3A /* UiViewController+Alert.swift in Sources */,
				5498843828C0E37C00EB2915 /* WeatherMapper.swift in Sources */,
				54CEEA9028CF2DAB00D5EBB1 /* TranslateItem.swift in Sources */,
				547ECD0328AA71A100B86407 /* ExchangeRateController.swift in Sources */,
				5498843A28C106A400EB2915 /* UIViewController+idWeather.swift in Sources */,
				54B5933728F86AF200BA574C /* APIConfig.swift in Sources */,
				547ECCF128AA6F5600B86407 /* SceneDelegate.swift in Sources */,
			);
			runOnlyForDeploymentPostprocessing = 0;
		};
		54B7C70628D866EA0005B3DE /* Sources */ = {
			isa = PBXSourcesBuildPhase;
			buildActionMask = 2147483647;
			files = (
				542F19FD28ED9458005DB4F9 /* ClientStub.swift in Sources */,
				542F19F128EACDDF005DB4F9 /* TranslateLoaderTest.swift in Sources */,
				542F19F028EACDDA005DB4F9 /* WeatherLoaderTest.swift in Sources */,
				542F19EF28EACDD3005DB4F9 /* FixerLoaderTest.swift in Sources */,
				54B7C70D28D866EA0005B3DE /* URLSessionTest.swift in Sources */,
				542F19F828ED93D9005DB4F9 /* URLProtocolStub.swift in Sources */,
			);
			runOnlyForDeploymentPostprocessing = 0;
		};
/* End PBXSourcesBuildPhase section */

/* Begin PBXTargetDependency section */
		54B7C70F28D866EA0005B3DE /* PBXTargetDependency */ = {
			isa = PBXTargetDependency;
			target = 547ECCEA28AA6F5600B86407 /* Le Baluchon */;
			targetProxy = 54B7C70E28D866EA0005B3DE /* PBXContainerItemProxy */;
		};
/* End PBXTargetDependency section */

/* Begin PBXVariantGroup section */
		547ECCF428AA6F5600B86407 /* Main.storyboard */ = {
			isa = PBXVariantGroup;
			children = (
				547ECCF528AA6F5600B86407 /* Base */,
			);
			name = Main.storyboard;
			sourceTree = "<group>";
		};
		547ECCF928AA6F5800B86407 /* LaunchScreen.storyboard */ = {
			isa = PBXVariantGroup;
			children = (
				547ECCFA28AA6F5800B86407 /* Base */,
			);
			name = LaunchScreen.storyboard;
			sourceTree = "<group>";
		};
/* End PBXVariantGroup section */

/* Begin XCBuildConfiguration section */
		547ECCFD28AA6F5800B86407 /* Debug */ = {
			isa = XCBuildConfiguration;
			buildSettings = {
				ALWAYS_SEARCH_USER_PATHS = NO;
				CLANG_ANALYZER_NONNULL = YES;
				CLANG_ANALYZER_NUMBER_OBJECT_CONVERSION = YES_AGGRESSIVE;
				CLANG_CXX_LANGUAGE_STANDARD = "gnu++17";
				CLANG_ENABLE_MODULES = YES;
				CLANG_ENABLE_OBJC_ARC = YES;
				CLANG_ENABLE_OBJC_WEAK = YES;
				CLANG_WARN_BLOCK_CAPTURE_AUTORELEASING = YES;
				CLANG_WARN_BOOL_CONVERSION = YES;
				CLANG_WARN_COMMA = YES;
				CLANG_WARN_CONSTANT_CONVERSION = YES;
				CLANG_WARN_DEPRECATED_OBJC_IMPLEMENTATIONS = YES;
				CLANG_WARN_DIRECT_OBJC_ISA_USAGE = YES_ERROR;
				CLANG_WARN_DOCUMENTATION_COMMENTS = YES;
				CLANG_WARN_EMPTY_BODY = YES;
				CLANG_WARN_ENUM_CONVERSION = YES;
				CLANG_WARN_INFINITE_RECURSION = YES;
				CLANG_WARN_INT_CONVERSION = YES;
				CLANG_WARN_NON_LITERAL_NULL_CONVERSION = YES;
				CLANG_WARN_OBJC_IMPLICIT_RETAIN_SELF = YES;
				CLANG_WARN_OBJC_LITERAL_CONVERSION = YES;
				CLANG_WARN_OBJC_ROOT_CLASS = YES_ERROR;
				CLANG_WARN_QUOTED_INCLUDE_IN_FRAMEWORK_HEADER = YES;
				CLANG_WARN_RANGE_LOOP_ANALYSIS = YES;
				CLANG_WARN_STRICT_PROTOTYPES = YES;
				CLANG_WARN_SUSPICIOUS_MOVE = YES;
				CLANG_WARN_UNGUARDED_AVAILABILITY = YES_AGGRESSIVE;
				CLANG_WARN_UNREACHABLE_CODE = YES;
				CLANG_WARN__DUPLICATE_METHOD_MATCH = YES;
				COPY_PHASE_STRIP = NO;
				DEBUG_INFORMATION_FORMAT = dwarf;
				ENABLE_STRICT_OBJC_MSGSEND = YES;
				ENABLE_TESTABILITY = YES;
				GCC_C_LANGUAGE_STANDARD = gnu11;
				GCC_DYNAMIC_NO_PIC = NO;
				GCC_NO_COMMON_BLOCKS = YES;
				GCC_OPTIMIZATION_LEVEL = 0;
				GCC_PREPROCESSOR_DEFINITIONS = (
					"DEBUG=1",
					"$(inherited)",
				);
				GCC_WARN_64_TO_32_BIT_CONVERSION = YES;
				GCC_WARN_ABOUT_RETURN_TYPE = YES_ERROR;
				GCC_WARN_UNDECLARED_SELECTOR = YES;
				GCC_WARN_UNINITIALIZED_AUTOS = YES_AGGRESSIVE;
				GCC_WARN_UNUSED_FUNCTION = YES;
				GCC_WARN_UNUSED_VARIABLE = YES;
				IPHONEOS_DEPLOYMENT_TARGET = 15.5;
				MTL_ENABLE_DEBUG_INFO = INCLUDE_SOURCE;
				MTL_FAST_MATH = YES;
				ONLY_ACTIVE_ARCH = YES;
				SDKROOT = iphoneos;
				SWIFT_ACTIVE_COMPILATION_CONDITIONS = DEBUG;
				SWIFT_OPTIMIZATION_LEVEL = "-Onone";
			};
			name = Debug;
		};
		547ECCFE28AA6F5800B86407 /* Release */ = {
			isa = XCBuildConfiguration;
			buildSettings = {
				ALWAYS_SEARCH_USER_PATHS = NO;
				CLANG_ANALYZER_NONNULL = YES;
				CLANG_ANALYZER_NUMBER_OBJECT_CONVERSION = YES_AGGRESSIVE;
				CLANG_CXX_LANGUAGE_STANDARD = "gnu++17";
				CLANG_ENABLE_MODULES = YES;
				CLANG_ENABLE_OBJC_ARC = YES;
				CLANG_ENABLE_OBJC_WEAK = YES;
				CLANG_WARN_BLOCK_CAPTURE_AUTORELEASING = YES;
				CLANG_WARN_BOOL_CONVERSION = YES;
				CLANG_WARN_COMMA = YES;
				CLANG_WARN_CONSTANT_CONVERSION = YES;
				CLANG_WARN_DEPRECATED_OBJC_IMPLEMENTATIONS = YES;
				CLANG_WARN_DIRECT_OBJC_ISA_USAGE = YES_ERROR;
				CLANG_WARN_DOCUMENTATION_COMMENTS = YES;
				CLANG_WARN_EMPTY_BODY = YES;
				CLANG_WARN_ENUM_CONVERSION = YES;
				CLANG_WARN_INFINITE_RECURSION = YES;
				CLANG_WARN_INT_CONVERSION = YES;
				CLANG_WARN_NON_LITERAL_NULL_CONVERSION = YES;
				CLANG_WARN_OBJC_IMPLICIT_RETAIN_SELF = YES;
				CLANG_WARN_OBJC_LITERAL_CONVERSION = YES;
				CLANG_WARN_OBJC_ROOT_CLASS = YES_ERROR;
				CLANG_WARN_QUOTED_INCLUDE_IN_FRAMEWORK_HEADER = YES;
				CLANG_WARN_RANGE_LOOP_ANALYSIS = YES;
				CLANG_WARN_STRICT_PROTOTYPES = YES;
				CLANG_WARN_SUSPICIOUS_MOVE = YES;
				CLANG_WARN_UNGUARDED_AVAILABILITY = YES_AGGRESSIVE;
				CLANG_WARN_UNREACHABLE_CODE = YES;
				CLANG_WARN__DUPLICATE_METHOD_MATCH = YES;
				COPY_PHASE_STRIP = NO;
				DEBUG_INFORMATION_FORMAT = "dwarf-with-dsym";
				ENABLE_NS_ASSERTIONS = NO;
				ENABLE_STRICT_OBJC_MSGSEND = YES;
				GCC_C_LANGUAGE_STANDARD = gnu11;
				GCC_NO_COMMON_BLOCKS = YES;
				GCC_WARN_64_TO_32_BIT_CONVERSION = YES;
				GCC_WARN_ABOUT_RETURN_TYPE = YES_ERROR;
				GCC_WARN_UNDECLARED_SELECTOR = YES;
				GCC_WARN_UNINITIALIZED_AUTOS = YES_AGGRESSIVE;
				GCC_WARN_UNUSED_FUNCTION = YES;
				GCC_WARN_UNUSED_VARIABLE = YES;
				IPHONEOS_DEPLOYMENT_TARGET = 15.5;
				MTL_ENABLE_DEBUG_INFO = NO;
				MTL_FAST_MATH = YES;
				SDKROOT = iphoneos;
				SWIFT_COMPILATION_MODE = wholemodule;
				SWIFT_OPTIMIZATION_LEVEL = "-O";
				VALIDATE_PRODUCT = YES;
			};
			name = Release;
		};
		547ECD0028AA6F5800B86407 /* Debug */ = {
			isa = XCBuildConfiguration;
			buildSettings = {
				ASSETCATALOG_COMPILER_APPICON_NAME = AppIcon;
				ASSETCATALOG_COMPILER_GLOBAL_ACCENT_COLOR_NAME = AccentColor;
				CODE_SIGN_STYLE = Automatic;
				CURRENT_PROJECT_VERSION = 1;
				DEVELOPMENT_TEAM = 4YN9289X4K;
				GENERATE_INFOPLIST_FILE = YES;
				INFOPLIST_FILE = "Le Baluchon/Info.plist";
				INFOPLIST_KEY_UIApplicationSupportsIndirectInputEvents = YES;
				INFOPLIST_KEY_UILaunchStoryboardName = LaunchScreen;
				INFOPLIST_KEY_UIMainStoryboardFile = Main;
				INFOPLIST_KEY_UISupportedInterfaceOrientations = UIInterfaceOrientationPortrait;
				INFOPLIST_KEY_UISupportedInterfaceOrientations_iPad = "UIInterfaceOrientationPortrait UIInterfaceOrientationPortraitUpsideDown UIInterfaceOrientationLandscapeLeft UIInterfaceOrientationLandscapeRight";
				INFOPLIST_KEY_UISupportedInterfaceOrientations_iPhone = "UIInterfaceOrientationPortrait UIInterfaceOrientationLandscapeLeft UIInterfaceOrientationLandscapeRight";
				IPHONEOS_DEPLOYMENT_TARGET = 15.5;
				LD_RUNPATH_SEARCH_PATHS = (
					"$(inherited)",
					"@executable_path/Frameworks",
				);
				MARKETING_VERSION = 1.0;
				PRODUCT_BUNDLE_IDENTIFIER = "com.easeyourlife.Le-Baluchon";
				PRODUCT_NAME = "$(TARGET_NAME)";
				SWIFT_EMIT_LOC_STRINGS = YES;
				SWIFT_VERSION = 5.0;
				TARGETED_DEVICE_FAMILY = 1;
			};
			name = Debug;
		};
		547ECD0128AA6F5800B86407 /* Release */ = {
			isa = XCBuildConfiguration;
			buildSettings = {
				ASSETCATALOG_COMPILER_APPICON_NAME = AppIcon;
				ASSETCATALOG_COMPILER_GLOBAL_ACCENT_COLOR_NAME = AccentColor;
				CODE_SIGN_STYLE = Automatic;
				CURRENT_PROJECT_VERSION = 1;
				DEVELOPMENT_TEAM = 4YN9289X4K;
				GENERATE_INFOPLIST_FILE = YES;
				INFOPLIST_FILE = "Le Baluchon/Info.plist";
				INFOPLIST_KEY_UIApplicationSupportsIndirectInputEvents = YES;
				INFOPLIST_KEY_UILaunchStoryboardName = LaunchScreen;
				INFOPLIST_KEY_UIMainStoryboardFile = Main;
				INFOPLIST_KEY_UISupportedInterfaceOrientations = UIInterfaceOrientationPortrait;
				INFOPLIST_KEY_UISupportedInterfaceOrientations_iPad = "UIInterfaceOrientationPortrait UIInterfaceOrientationPortraitUpsideDown UIInterfaceOrientationLandscapeLeft UIInterfaceOrientationLandscapeRight";
				INFOPLIST_KEY_UISupportedInterfaceOrientations_iPhone = "UIInterfaceOrientationPortrait UIInterfaceOrientationLandscapeLeft UIInterfaceOrientationLandscapeRight";
				IPHONEOS_DEPLOYMENT_TARGET = 15.5;
				LD_RUNPATH_SEARCH_PATHS = (
					"$(inherited)",
					"@executable_path/Frameworks",
				);
				MARKETING_VERSION = 1.0;
				PRODUCT_BUNDLE_IDENTIFIER = "com.easeyourlife.Le-Baluchon";
				PRODUCT_NAME = "$(TARGET_NAME)";
				SWIFT_EMIT_LOC_STRINGS = YES;
				SWIFT_VERSION = 5.0;
				TARGETED_DEVICE_FAMILY = 1;
			};
			name = Release;
		};
		54B7C71128D866EA0005B3DE /* Debug */ = {
			isa = XCBuildConfiguration;
			buildSettings = {
				BUNDLE_LOADER = "$(TEST_HOST)";
				CODE_SIGN_STYLE = Automatic;
				CURRENT_PROJECT_VERSION = 1;
				DEVELOPMENT_TEAM = 4YN9289X4K;
				GENERATE_INFOPLIST_FILE = YES;
				MARKETING_VERSION = 1.0;
				PRODUCT_BUNDLE_IDENTIFIER = com.easeyourlife.LeBaluchonTest;
				PRODUCT_NAME = "$(TARGET_NAME)";
				SWIFT_EMIT_LOC_STRINGS = NO;
				SWIFT_VERSION = 5.0;
				TARGETED_DEVICE_FAMILY = "1,2";
				TEST_HOST = "$(BUILT_PRODUCTS_DIR)/Le Baluchon.app/Le Baluchon";
			};
			name = Debug;
		};
		54B7C71228D866EA0005B3DE /* Release */ = {
			isa = XCBuildConfiguration;
			buildSettings = {
				BUNDLE_LOADER = "$(TEST_HOST)";
				CODE_SIGN_STYLE = Automatic;
				CURRENT_PROJECT_VERSION = 1;
				DEVELOPMENT_TEAM = 4YN9289X4K;
				GENERATE_INFOPLIST_FILE = YES;
				MARKETING_VERSION = 1.0;
				PRODUCT_BUNDLE_IDENTIFIER = com.easeyourlife.LeBaluchonTest;
				PRODUCT_NAME = "$(TARGET_NAME)";
				SWIFT_EMIT_LOC_STRINGS = NO;
				SWIFT_VERSION = 5.0;
				TARGETED_DEVICE_FAMILY = "1,2";
				TEST_HOST = "$(BUILT_PRODUCTS_DIR)/Le Baluchon.app/Le Baluchon";
			};
			name = Release;
		};
/* End XCBuildConfiguration section */

/* Begin XCConfigurationList section */
		547ECCE628AA6F5600B86407 /* Build configuration list for PBXProject "Le Baluchon" */ = {
			isa = XCConfigurationList;
			buildConfigurations = (
				547ECCFD28AA6F5800B86407 /* Debug */,
				547ECCFE28AA6F5800B86407 /* Release */,
			);
			defaultConfigurationIsVisible = 0;
			defaultConfigurationName = Release;
		};
		547ECCFF28AA6F5800B86407 /* Build configuration list for PBXNativeTarget "Le Baluchon" */ = {
			isa = XCConfigurationList;
			buildConfigurations = (
				547ECD0028AA6F5800B86407 /* Debug */,
				547ECD0128AA6F5800B86407 /* Release */,
			);
			defaultConfigurationIsVisible = 0;
			defaultConfigurationName = Release;
		};
		54B7C71028D866EA0005B3DE /* Build configuration list for PBXNativeTarget "LeBaluchonTest" */ = {
			isa = XCConfigurationList;
			buildConfigurations = (
				54B7C71128D866EA0005B3DE /* Debug */,
				54B7C71228D866EA0005B3DE /* Release */,
			);
			defaultConfigurationIsVisible = 0;
			defaultConfigurationName = Release;
		};
/* End XCConfigurationList section */
	};
	rootObject = 547ECCE328AA6F5600B86407 /* Project object */;
}
